
Microsoft Visual Studio Solution File, Format Version 12.00
# Visual Studio Version 17
VisualStudioVersion = 17.11.35222.181
MinimumVisualStudioVersion = 10.0.40219.1
Project("{FAE04EC0-301F-11D3-BF4B-00C04F79EFBC}") = "PresentationLayer", "PresentationLayer.csproj", "{003DAB86-A117-48DC-9DED-D7B8880E34D5}"
EndProject
Project("{FAE04EC0-301F-11D3-BF4B-00C04F79EFBC}") = "DataAcessLayer", "..\DataAcessLayer\DataAcessLayer.csproj", "{6C822609-53B5-4F77-B854-3CF75A41C7E0}"
EndProject
Project("{FAE04EC0-301F-11D3-BF4B-00C04F79EFBC}") = "BusinessLayer", "..\BusinessLayer\BusinessLayer.csproj", "{3F239D28-390C-46AB-BD59-B76B52E911EB}"
EndProject
Global
	GlobalSection(SolutionConfigurationPlatforms) = preSolution
		Debug|Any CPU = Debug|Any CPU
		Release|Any CPU = Release|Any CPU
	EndGlobalSection
	GlobalSection(ProjectConfigurationPlatforms) = postSolution
		{003DAB86-A117-48DC-9DED-D7B8880E34D5}.Debug|Any CPU.ActiveCfg = Debug|Any CPU
		{003DAB86-A117-48DC-9DED-D7B8880E34D5}.Debug|Any CPU.Build.0 = Debug|Any CPU
		{003DAB86-A117-48DC-9DED-D7B8880E34D5}.Release|Any CPU.ActiveCfg = Release|Any CPU
		{003DAB86-A117-48DC-9DED-D7B8880E34D5}.Release|Any CPU.Build.0 = Release|Any CPU
		{6C822609-53B5-4F77-B854-3CF75A41C7E0}.Debug|Any CPU.ActiveCfg = Debug|Any CPU
		{6C822609-53B5-4F77-B854-3CF75A41C7E0}.Debug|Any CPU.Build.0 = Debug|Any CPU
		{6C822609-53B5-4F77-B854-3CF75A41C7E0}.Release|Any CPU.ActiveCfg = Release|Any CPU
		{6C822609-53B5-4F77-B854-3CF75A41C7E0}.Release|Any CPU.Build.0 = Release|Any CPU
		{3F239D28-390C-46AB-BD59-B76B52E911EB}.Debug|Any CPU.ActiveCfg = Debug|Any CPU
		{3F239D28-390C-46AB-BD59-B76B52E911EB}.Debug|Any CPU.Build.0 = Debug|Any CPU
		{3F239D28-390C-46AB-BD59-B76B52E911EB}.Release|Any CPU.ActiveCfg = Release|Any CPU
		{3F239D28-390C-46AB-BD59-B76B52E911EB}.Release|Any CPU.Build.0 = Release|Any CPU
	EndGlobalSection
	GlobalSection(SolutionProperties) = preSolution
		HideSolutionNode = FALSE
	EndGlobalSection
	GlobalSection(ExtensibilityGlobals) = postSolution
		SolutionGuid = {BCAD4392-60C4-4A64-92D0-F326078CFF49}
	EndGlobalSection
EndGlobal
